// !$*UTF8*$!
{
	archiveVersion = 1;
	classes = {
	};
	objectVersion = 46;
	objects = {

/* Begin PBXBuildFile section */
		9E0C60801DC2517200E827C8 /* AppDelegate.swift in Sources */ = {isa = PBXBuildFile; fileRef = 9E0C607F1DC2517200E827C8 /* AppDelegate.swift */; };
		9E0C60821DC2517200E827C8 /* ViewController.swift in Sources */ = {isa = PBXBuildFile; fileRef = 9E0C60811DC2517200E827C8 /* ViewController.swift */; };
		9E0C60851DC2517200E827C8 /* Main.storyboard in Resources */ = {isa = PBXBuildFile; fileRef = 9E0C60831DC2517200E827C8 /* Main.storyboard */; };
		9E0C60871DC2517200E827C8 /* Assets.xcassets in Resources */ = {isa = PBXBuildFile; fileRef = 9E0C60861DC2517200E827C8 /* Assets.xcassets */; };
		9E0C608A1DC2517200E827C8 /* LaunchScreen.storyboard in Resources */ = {isa = PBXBuildFile; fileRef = 9E0C60881DC2517200E827C8 /* LaunchScreen.storyboard */; };
/* End PBXBuildFile section */

/* Begin PBXFileReference section */
		9E0C607C1DC2517200E827C8 /* Shoping-List.app */ = {isa = PBXFileReference; explicitFileType = wrapper.application; includeInIndex = 0; path = "Shoping-List.app"; sourceTree = BUILT_PRODUCTS_DIR; };
		9E0C607F1DC2517200E827C8 /* AppDelegate.swift */ = {isa = PBXFileReference; lastKnownFileType = sourcecode.swift; path = AppDelegate.swift; sourceTree = "<group>"; };
		9E0C60811DC2517200E827C8 /* ViewController.swift */ = {isa = PBXFileReference; lastKnownFileType = sourcecode.swift; path = ViewController.swift; sourceTree = "<group>"; };
		9E0C60841DC2517200E827C8 /* Base */ = {isa = PBXFileReference; lastKnownFileType = file.storyboard; name = Base; path = Base.lproj/Main.storyboard; sourceTree = "<group>"; };
		9E0C60861DC2517200E827C8 /* Assets.xcassets */ = {isa = PBXFileReference; lastKnownFileType = folder.assetcatalog; path = Assets.xcassets; sourceTree = "<group>"; };
		9E0C60891DC2517200E827C8 /* Base */ = {isa = PBXFileReference; lastKnownFileType = file.storyboard; name = Base; path = Base.lproj/LaunchScreen.storyboard; sourceTree = "<group>"; };
		9E0C608B1DC2517200E827C8 /* Info.plist */ = {isa = PBXFileReference; lastKnownFileType = text.plist.xml; path = Info.plist; sourceTree = "<group>"; };
/* End PBXFileReference section */

/* Begin PBXFrameworksBuildPhase section */
		9E0C60791DC2517200E827C8 /* Frameworks */ = {
			isa = PBXFrameworksBuildPhase;
			buildActionMask = 2147483647;
			files = (
			);
			runOnlyForDeploymentPostprocessing = 0;
		};
/* End PBXFrameworksBuildPhase section */

/* Begin PBXGroup section */
		9E0C60731DC2517200E827C8 = {
			isa = PBXGroup;
			children = (
				9E0C607E1DC2517200E827C8 /* Shoping-List */,
				9E0C607D1DC2517200E827C8 /* Products */,
			);
			sourceTree = "<group>";
		};
		9E0C607D1DC2517200E827C8 /* Products */ = {
			isa = PBXGroup;
			children = (
				9E0C607C1DC2517200E827C8 /* Shoping-List.app */,
			);
			name = Products;
			sourceTree = "<group>";
		};
		9E0C607E1DC2517200E827C8 /* Shoping-List */ = {
			isa = PBXGroup;
			children = (
				9E0C607F1DC2517200E827C8 /* AppDelegate.swift */,
				9E0C60811DC2517200E827C8 /* ViewController.swift */,
				9E0C60831DC2517200E827C8 /* Main.storyboard */,
				9E0C60861DC2517200E827C8 /* Assets.xcassets */,
				9E0C60881DC2517200E827C8 /* LaunchScreen.storyboard */,
				9E0C608B1DC2517200E827C8 /* Info.plist */,
			);
			path = "Shoping-List";
			sourceTree = "<group>";
		};
/* End PBXGroup section */

/* Begin PBXNativeTarget section */
		9E0C607B1DC2517200E827C8 /* Shoping-List */ = {
			isa = PBXNativeTarget;
			buildConfigurationList = 9E0C608E1DC2517200E827C8 /* Build configuration list for PBXNativeTarget "Shoping-List" */;
			buildPhases = (
				9E0C60781DC2517200E827C8 /* Sources */,
				9E0C60791DC2517200E827C8 /* Frameworks */,
				9E0C607A1DC2517200E827C8 /* Resources */,
			);
			buildRules = (
			);
			dependencies = (
			);
			name = "Shoping-List";
			productName = "Shoping-List";
			productReference = 9E0C607C1DC2517200E827C8 /* Shoping-List.app */;
			productType = "com.apple.product-type.application";
		};
/* End PBXNativeTarget section */

/* Begin PBXProject section */
		9E0C60741DC2517200E827C8 /* Project object */ = {
			isa = PBXProject;
			attributes = {
				LastSwiftUpdateCheck = 0800;
				LastUpgradeCheck = 0800;
				ORGANIZATIONNAME = "Yan Malinovsky";
				TargetAttributes = {
					9E0C607B1DC2517200E827C8 = {
						CreatedOnToolsVersion = 8.0;
						DevelopmentTeam = PSLRJ6EG6T;
						ProvisioningStyle = Automatic;
					};
				};
			};
			buildConfigurationList = 9E0C60771DC2517200E827C8 /* Build configuration list for PBXProject "Shoping-List" */;
			compatibilityVersion = "Xcode 3.2";
			developmentRegion = English;
			hasScannedForEncodings = 0;
			knownRegions = (
				en,
				Base,
			);
			mainGroup = 9E0C60731DC2517200E827C8;
			productRefGroup = 9E0C607D1DC2517200E827C8 /* Products */;
			projectDirPath = "";
			projectRoot = "";
			targets = (
				9E0C607B1DC2517200E827C8 /* Shoping-List */,
			);
		};
/* End PBXProject section */

/* Begin PBXResourcesBuildPhase section */
		9E0C607A1DC2517200E827C8 /* Resources */ = {
			isa = PBXResourcesBuildPhase;
			buildActionMask = 2147483647;
			files = (
				9E0C608A1DC2517200E827C8 /* LaunchScreen.storyboard in Resources */,
				9E0C60871DC2517200E827C8 /* Assets.xcassets in Resources */,
				9E0C60851DC2517200E827C8 /* Main.storyboard in Resources */,
			);
			runOnlyForDeploymentPostprocessing = 0;
		};
/* End PBXResourcesBuildPhase section */

/* Begin PBXSourcesBuildPhase section */
		9E0C60781DC2517200E827C8 /* Sources */ = {
			isa = PBXSourcesBuildPhase;
			buildActionMask = 2147483647;
			files = (
				9E0C60821DC2517200E827C8 /* ViewController.swift in Sources */,
				9E0C60801DC2517200E827C8 /* AppDelegate.swift in Sources */,
			);
			runOnlyForDeploymentPostprocessing = 0;
		};
/* End PBXSourcesBuildPhase section */

/* Begin PBXVariantGroup section */
		9E0C60831DC2517200E827C8 /* Main.storyboard */ = {
			isa = PBXVariantGroup;
			children = (
				9E0C60841DC2517200E827C8 /* Base */,
			);
			name = Main.storyboard;
			sourceTree = "<group>";
		};
		9E0C60881DC2517200E827C8 /* LaunchScreen.storyboard */ = {
			isa = PBXVariantGroup;
			children = (
				9E0C60891DC2517200E827C8 /* Base */,
			);
			name = LaunchScreen.storyboard;
			sourceTree = "<group>";
		};
/* End PBXVariantGroup section */

/* Begin XCBuildConfiguration section */
		9E0C608C1DC2517200E827C8 /* Debug */ = {
			isa = XCBuildConfiguration;
			buildSettings = {
				ALWAYS_SEARCH_USER_PATHS = NO;
				CLANG_ANALYZER_NONNULL = YES;
				CLANG_CXX_LANGUAGE_STANDARD = "gnu++0x";
				CLANG_CXX_LIBRARY = "libc++";
				CLANG_ENABLE_MODULES = YES;
				CLANG_ENABLE_OBJC_ARC = YES;
				CLANG_WARN_BOOL_CONVERSION = YES;
				CLANG_WARN_CONSTANT_CONVERSION = YES;
				CLANG_WARN_DIRECT_OBJC_ISA_USAGE = YES_ERROR;
				CLANG_WARN_DOCUMENTATION_COMMENTS = YES;
				CLANG_WARN_EMPTY_BODY = YES;
				CLANG_WARN_ENUM_CONVERSION = YES;
				CLANG_WARN_INFINITE_RECURSION = YES;
				CLANG_WARN_INT_CONVERSION = YES;
				CLANG_WARN_OBJC_ROOT_CLASS = YES_ERROR;
				CLANG_WARN_SUSPICIOUS_MOVES = YES;
				CLANG_WARN_UNREACHABLE_CODE = YES;
				CLANG_WARN__DUPLICATE_METHOD_MATCH = YES;
				"CODE_SIGN_IDENTITY[sdk=iphoneos*]" = "iPhone Developer";
				COPY_PHASE_STRIP = NO;
				DEBUG_INFORMATION_FORMAT = dwarf;
				ENABLE_STRICT_OBJC_MSGSEND = YES;
				ENABLE_TESTABILITY = YES;
				GCC_C_LANGUAGE_STANDARD = gnu99;
				GCC_DYNAMIC_NO_PIC = NO;
				GCC_NO_COMMON_BLOCKS = YES;
				GCC_OPTIMIZATION_LEVEL = 0;
				GCC_PREPROCESSOR_DEFINITIONS = (
					"DEBUG=1",
					"$(inherited)",
				);
				GCC_WARN_64_TO_32_BIT_CONVERSION = YES;
				GCC_WARN_ABOUT_RETURN_TYPE = YES_ERROR;
				GCC_WARN_UNDECLARED_SELECTOR = YES;
				GCC_WARN_UNINITIALIZED_AUTOS = YES_AGGRESSIVE;
				GCC_WARN_UNUSED_FUNCTION = YES;
				GCC_WARN_UNUSED_VARIABLE = YES;
				IPHONEOS_DEPLOYMENT_TARGET = 10.0;
				MTL_ENABLE_DEBUG_INFO = YES;
				ONLY_ACTIVE_ARCH = YES;
				SDKROOT = iphoneos;
				SWIFT_ACTIVE_COMPILATION_CONDITIONS = DEBUG;
				SWIFT_OPTIMIZATION_LEVEL = "-Onone";
			};
			name = Debug;
		};
		9E0C608D1DC2517200E827C8 /* Release */ = {
			isa = XCBuildConfiguration;
			buildSettings = {
				ALWAYS_SEARCH_USER_PATHS = NO;
				CLANG_ANALYZER_NONNULL = YES;
				CLANG_CXX_LANGUAGE_STANDARD = "gnu++0x";
				CLANG_CXX_LIBRARY = "libc++";
				CLANG_ENABLE_MODULES = YES;
				CLANG_ENABLE_OBJC_ARC = YES;
				CLANG_WARN_BOOL_CONVERSION = YES;
				CLANG_WARN_CONSTANT_CONVERSION = YES;
				CLANG_WARN_DIRECT_OBJC_ISA_USAGE = YES_ERROR;
				CLANG_WARN_DOCUMENTATION_COMMENTS = YES;
				CLANG_WARN_EMPTY_BODY = YES;
				CLANG_WARN_ENUM_CONVERSION = YES;
				CLANG_WARN_INFINITE_RECURSION = YES;
				CLANG_WARN_INT_CONVERSION = YES;
				CLANG_WARN_OBJC_ROOT_CLASS = YES_ERROR;
				CLANG_WARN_SUSPICIOUS_MOVES = YES;
				CLANG_WARN_UNREACHABLE_CODE = YES;
				CLANG_WARN__DUPLICATE_METHOD_MATCH = YES;
				"CODE_SIGN_IDENTITY[sdk=iphoneos*]" = "iPhone Developer";
				COPY_PHASE_STRIP = NO;
				DEBUG_INFORMATION_FORMAT = "dwarf-with-dsym";
				ENABLE_NS_ASSERTIONS = NO;
				ENABLE_STRICT_OBJC_MSGSEND = YES;
				GCC_C_LANGUAGE_STANDARD = gnu99;
				GCC_NO_COMMON_BLOCKS = YES;
				GCC_WARN_64_TO_32_BIT_CONVERSION = YES;
				GCC_WARN_ABOUT_RETURN_TYPE = YES_ERROR;
				GCC_WARN_UNDECLARED_SELECTOR = YES;
				GCC_WARN_UNINITIALIZED_AUTOS = YES_AGGRESSIVE;
				GCC_WARN_UNUSED_FUNCTION = YES;
				GCC_WARN_UNUSED_VARIABLE = YES;
				IPHONEOS_DEPLOYMENT_TARGET = 10.0;
				MTL_ENABLE_DEBUG_INFO = NO;
				SDKROOT = iphoneos;
				SWIFT_OPTIMIZATION_LEVEL = "-Owholemodule";
				VALIDATE_PRODUCT = YES;
			};
			name = Release;
		};
		9E0C608F1DC2517200E827C8 /* Debug */ = {
			isa = XCBuildConfiguration;
			buildSettings = {
				ASSETCATALOG_COMPILER_APPICON_NAME = AppIcon;
				DEVELOPMENT_TEAM = PSLRJ6EG6T;
				INFOPLIST_FILE = "Shoping-List/Info.plist";
				LD_RUNPATH_SEARCH_PATHS = "$(inherited) @executable_path/Frameworks";
				PRODUCT_BUNDLE_IDENTIFIER = "ymalinovsky.Shoping-List";
				PRODUCT_NAME = "$(TARGET_NAME)";
				SWIFT_VERSION = 3.0;
			};
			name = Debug;
		};
		9E0C60901DC2517200E827C8 /* Release */ = {
			isa = XCBuildConfiguration;
			buildSettings = {
				ASSETCATALOG_COMPILER_APPICON_NAME = AppIcon;
				DEVELOPMENT_TEAM = PSLRJ6EG6T;
				INFOPLIST_FILE = "Shoping-List/Info.plist";
				LD_RUNPATH_SEARCH_PATHS = "$(inherited) @executable_path/Frameworks";
				PRODUCT_BUNDLE_IDENTIFIER = "ymalinovsky.Shoping-List";
				PRODUCT_NAME = "$(TARGET_NAME)";
				SWIFT_VERSION = 3.0;
			};
			name = Release;
		};
/* End XCBuildConfiguration section */

/* Begin XCConfigurationList section */
		9E0C60771DC2517200E827C8 /* Build configuration list for PBXProject "Shoping-List" */ = {
			isa = XCConfigurationList;
			buildConfigurations = (
				9E0C608C1DC2517200E827C8 /* Debug */,
				9E0C608D1DC2517200E827C8 /* Release */,
			);
			defaultConfigurationIsVisible = 0;
			defaultConfigurationName = Release;
		};
		9E0C608E1DC2517200E827C8 /* Build configuration list for PBXNativeTarget "Shoping-List" */ = {
			isa = XCConfigurationList;
			buildConfigurations = (
				9E0C608F1DC2517200E827C8 /* Debug */,
				9E0C60901DC2517200E827C8 /* Release */,
			);
			defaultConfigurationIsVisible = 0;
		};
/* End XCConfigurationList section */
	};
	rootObject = 9E0C60741DC2517200E827C8 /* Project object */;
}
